{
  "name": "writer-kafka",
  "version": "1.0.0",
  "lockfileVersion": 3,
  "requires": true,
  "packages": {
    "": {
      "name": "writer-kafka",
      "version": "1.0.0",
      "dependencies": {
        "@clickhouse/client": "^1.7.0",
        "dotenv": "^16.4.5",
        "kafkajs": "^2.2.4",
        "nanoid": "^5.0.7"
      }
    },
    "node_modules/@clickhouse/client": {
      "version": "1.12.1",
      "resolved": "https://registry.npmjs.org/@clickhouse/client/-/client-1.12.1.tgz",
      "integrity": "sha512-7ORY85rphRazqHzImNXMrh4vsaPrpetFoTWpZYueCO2bbO6PXYDXp/GQ4DgxnGIqbWB/Di1Ai+Xuwq2o7DJ36A==",
      "license": "Apache-2.0",
      "dependencies": {
        "@clickhouse/client-common": "1.12.1"
      },
      "engines": {
        "node": ">=16"
      }
    },
    "node_modules/@clickhouse/client-common": {
      "version": "1.12.1",
      "resolved": "https://registry.npmjs.org/@clickhouse/client-common/-/client-common-1.12.1.tgz",
      "integrity": "sha512-ccw1N6hB4+MyaAHIaWBwGZ6O2GgMlO99FlMj0B0UEGfjxM9v5dYVYql6FpP19rMwrVAroYs/IgX2vyZEBvzQLg==",
      "license": "Apache-2.0"
    },
    "node_modules/dotenv": {
      "version": "16.6.1",
      "resolved": "https://registry.npmjs.org/dotenv/-/dotenv-16.6.1.tgz",
      "integrity": "sha512-uBq4egWHTcTt33a72vpSG0z3HnPuIl6NqYcTrKEg2azoEyl2hpW0zqlxysq2pK9HlDIHyHyakeYaYnSAwd8bow==",
      "license": "BSD-2-Clause",
      "engines": {
        "node": ">=12"
      },
      "funding": {
        "url": "https://dotenvx.com"
      }
    },
    "node_modules/kafkajs": {
      "version": "2.2.4",
      "resolved": "https://registry.npmjs.org/kafkajs/-/kafkajs-2.2.4.tgz",
      "integrity": "sha512-j/YeapB1vfPT2iOIUn/vxdyKEuhuY2PxMBvf5JWux6iSaukAccrMtXEY/Lb7OvavDhOWME589bpLrEdnVHjfjA==",
      "license": "MIT",
      "engines": {
        "node": ">=14.0.0"
      }
    },
    "node_modules/nanoid": {
      "version": "5.1.5",
      "resolved": "https://registry.npmjs.org/nanoid/-/nanoid-5.1.5.tgz",
      "integrity": "sha512-Ir/+ZpE9fDsNH0hQ3C68uyThDXzYcim2EqcZ8zn8Chtt1iylPT9xXJB0kPCnqzgcEGikO9RxSrh63MsmVCU7Fw==",
      "funding": [
        {
          "type": "github",
          "url": "https://github.com/sponsors/ai"
        }
      ],
      "license": "MIT",
      "bin": {
        "nanoid": "bin/nanoid.js"
      },
      "engines": {
        "node": "^18 || >=20"
      }
    }
  }
}
